# This file is autogenerated, do not edit; changes may be undone by the next 'dep ensure'.


[[projects]]
  name = "github.com/DATA-DOG/go-sqlmock"
  packages = ["."]
  revision = "3f9954f6f6697845b082ca57995849ddf614f450"
  version = "v1.3.3"

[[projects]]
  name = "github.com/bdlm/log"
  packages = ["."]
  revision = "b8b76dd35f1d7fdf6a49497c8ac22e6554efffed"
  version = "v0.1.18"

[[projects]]
  branch = "master"
  name = "github.com/bdlm/std"
  packages = ["logger"]
  revision = "fd3b596111c78b7d14f1e1308ebdb1153013f1a8"

[[projects]]
  name = "github.com/go-sql-driver/mysql"
  packages = ["."]
  revision = "72cd26f257d44c1114970e19afddcd812016007e"
  version = "v1.4.1"

[[projects]]
  name = "github.com/konsorten/go-windows-terminal-sequences"
  packages = ["."]
  revision = "f55edac94c9bbba5d6182a4be46d86a2c9b5b50e"
  version = "v1.0.2"

[[projects]]
  name = "github.com/sirupsen/logrus"
  packages = ["."]
  revision = "839c75faf7f98a33d445d181f3018b5c3409a45e"
  version = "v1.4.2"

[[projects]]
  branch = "master"
  name = "golang.org/x/crypto"
  packages = ["ssh/terminal"]
  revision = "5c40567a22f818bd14a1ea7245dad9f8ef0691aa"

[[projects]]
  branch = "master"
  name = "golang.org/x/sys"
  packages = ["unix","windows"]
  revision = "d442b75600c5d6484576502b3c53a55c54311be9"

[[projects]]
  name = "google.golang.org/appengine"
  packages = ["cloudsql"]
  revision = "b2f4a3cf3c67576a2ee09e1fe62656a5086ce880"
  version = "v1.6.1"

[solve-meta]
  analyzer-name = "dep"
  analyzer-version = 1
  inputs-digest = "34d656ecb868e7e38f6e889a685811e4976e3c89f62ccb343d6d94ec5415f891"
  solver-name = "gps-cdcl"
  solver-version = 1
